
Microsoft Visual Studio Solution File, Format Version 12.00
# Visual Studio Version 17
VisualStudioVersion = 17.5.33516.290
MinimumVisualStudioVersion = 10.0.40219.1
Project("{FAE04EC0-301F-11D3-BF4B-00C04F79EFBC}") = "wp09_caliburnApp", "wp09_caliburnApp\wp09_caliburnApp.csproj", "{355E73D8-52D4-4838-B0B5-B60F39C01413}"
EndProject
Project("{FAE04EC0-301F-11D3-BF4B-00C04F79EFBC}") = "wp08_personalInfoApp", "wp08_personalInfoApp\wp08_personalInfoApp.csproj", "{62B13247-945B-42E3-BF60-281C989AD598}"
EndProject
Project("{FAE04EC0-301F-11D3-BF4B-00C04F79EFBC}") = "wp10_employeesApp", "wp10_employeesApp\wp10_employeesApp.csproj", "{60C5105B-0582-4C1F-BDD6-EEA5594BE5CD}"
EndProject
Global
	GlobalSection(SolutionConfigurationPlatforms) = preSolution
		Debug|Any CPU = Debug|Any CPU
		Release|Any CPU = Release|Any CPU
	EndGlobalSection
	GlobalSection(ProjectConfigurationPlatforms) = postSolution
		{355E73D8-52D4-4838-B0B5-B60F39C01413}.Debug|Any CPU.ActiveCfg = Debug|Any CPU
		{355E73D8-52D4-4838-B0B5-B60F39C01413}.Debug|Any CPU.Build.0 = Debug|Any CPU
		{355E73D8-52D4-4838-B0B5-B60F39C01413}.Release|Any CPU.ActiveCfg = Release|Any CPU
		{355E73D8-52D4-4838-B0B5-B60F39C01413}.Release|Any CPU.Build.0 = Release|Any CPU
		{62B13247-945B-42E3-BF60-281C989AD598}.Debug|Any CPU.ActiveCfg = Debug|Any CPU
		{62B13247-945B-42E3-BF60-281C989AD598}.Debug|Any CPU.Build.0 = Debug|Any CPU
		{62B13247-945B-42E3-BF60-281C989AD598}.Release|Any CPU.ActiveCfg = Release|Any CPU
		{62B13247-945B-42E3-BF60-281C989AD598}.Release|Any CPU.Build.0 = Release|Any CPU
		{60C5105B-0582-4C1F-BDD6-EEA5594BE5CD}.Debug|Any CPU.ActiveCfg = Debug|Any CPU
		{60C5105B-0582-4C1F-BDD6-EEA5594BE5CD}.Debug|Any CPU.Build.0 = Debug|Any CPU
		{60C5105B-0582-4C1F-BDD6-EEA5594BE5CD}.Release|Any CPU.ActiveCfg = Release|Any CPU
		{60C5105B-0582-4C1F-BDD6-EEA5594BE5CD}.Release|Any CPU.Build.0 = Release|Any CPU
	EndGlobalSection
	GlobalSection(SolutionProperties) = preSolution
		HideSolutionNode = FALSE
	EndGlobalSection
	GlobalSection(ExtensibilityGlobals) = postSolution
		SolutionGuid = {2A0179E6-4737-46D6-AE2B-DF6384728937}
	EndGlobalSection
EndGlobal
