
Microsoft Visual Studio Solution File, Format Version 12.00
# Visual Studio Version 17
VisualStudioVersion = 17.5.33516.290
MinimumVisualStudioVersion = 10.0.40219.1
Project("{FAE04EC0-301F-11D3-BF4B-00C04F79EFBC}") = "wp12_finedustCheck", "wp12_finedustCheck\wp12_finedustCheck.csproj", "{CDFB7B73-4846-4829-9762-DF94B92D02E7}"
EndProject
Project("{FAE04EC0-301F-11D3-BF4B-00C04F79EFBC}") = "wp11_movieFinder", "wp11_movieFinder\wp11_movieFinder.csproj", "{1ED2577D-2E88-447D-BCD0-9B26D96113DF}"
EndProject
Global
	GlobalSection(SolutionConfigurationPlatforms) = preSolution
		Debug|Any CPU = Debug|Any CPU
		Release|Any CPU = Release|Any CPU
	EndGlobalSection
	GlobalSection(ProjectConfigurationPlatforms) = postSolution
		{CDFB7B73-4846-4829-9762-DF94B92D02E7}.Debug|Any CPU.ActiveCfg = Debug|Any CPU
		{CDFB7B73-4846-4829-9762-DF94B92D02E7}.Debug|Any CPU.Build.0 = Debug|Any CPU
		{CDFB7B73-4846-4829-9762-DF94B92D02E7}.Release|Any CPU.ActiveCfg = Release|Any CPU
		{CDFB7B73-4846-4829-9762-DF94B92D02E7}.Release|Any CPU.Build.0 = Release|Any CPU
		{1ED2577D-2E88-447D-BCD0-9B26D96113DF}.Debug|Any CPU.ActiveCfg = Debug|Any CPU
		{1ED2577D-2E88-447D-BCD0-9B26D96113DF}.Debug|Any CPU.Build.0 = Debug|Any CPU
		{1ED2577D-2E88-447D-BCD0-9B26D96113DF}.Release|Any CPU.ActiveCfg = Release|Any CPU
		{1ED2577D-2E88-447D-BCD0-9B26D96113DF}.Release|Any CPU.Build.0 = Release|Any CPU
	EndGlobalSection
	GlobalSection(SolutionProperties) = preSolution
		HideSolutionNode = FALSE
	EndGlobalSection
	GlobalSection(ExtensibilityGlobals) = postSolution
		SolutionGuid = {2B4991D9-E19E-4D6A-8B0C-7325B98F333D}
	EndGlobalSection
EndGlobal
