
Microsoft Visual Studio Solution File, Format Version 12.00
# Visual Studio Version 17
VisualStudioVersion = 17.5.33516.290
MinimumVisualStudioVersion = 10.0.40219.1
Project("{FAE04EC0-301F-11D3-BF4B-00C04F79EFBC}") = "wp03_controls", "wp03_controls\wp03_controls.csproj", "{06CE726B-FB71-4320-A15F-F5BD40E323B0}"
EndProject
Project("{FAE04EC0-301F-11D3-BF4B-00C04F79EFBC}") = "wp04_layout", "wp04_layout\wp04_layout.csproj", "{8976C73E-0755-4EFA-8F28-717D9150189E}"
EndProject
Project("{FAE04EC0-301F-11D3-BF4B-00C04F79EFBC}") = "wp05_bikeshop", "wp05_bikeshop\wp05_bikeshop.csproj", "{C9E39263-D90D-430F-839F-C7A47BDD7D4B}"
EndProject
Global
	GlobalSection(SolutionConfigurationPlatforms) = preSolution
		Debug|Any CPU = Debug|Any CPU
		Release|Any CPU = Release|Any CPU
	EndGlobalSection
	GlobalSection(ProjectConfigurationPlatforms) = postSolution
		{06CE726B-FB71-4320-A15F-F5BD40E323B0}.Debug|Any CPU.ActiveCfg = Debug|Any CPU
		{06CE726B-FB71-4320-A15F-F5BD40E323B0}.Debug|Any CPU.Build.0 = Debug|Any CPU
		{06CE726B-FB71-4320-A15F-F5BD40E323B0}.Release|Any CPU.ActiveCfg = Release|Any CPU
		{06CE726B-FB71-4320-A15F-F5BD40E323B0}.Release|Any CPU.Build.0 = Release|Any CPU
		{8976C73E-0755-4EFA-8F28-717D9150189E}.Debug|Any CPU.ActiveCfg = Debug|Any CPU
		{8976C73E-0755-4EFA-8F28-717D9150189E}.Debug|Any CPU.Build.0 = Debug|Any CPU
		{8976C73E-0755-4EFA-8F28-717D9150189E}.Release|Any CPU.ActiveCfg = Release|Any CPU
		{8976C73E-0755-4EFA-8F28-717D9150189E}.Release|Any CPU.Build.0 = Release|Any CPU
		{C9E39263-D90D-430F-839F-C7A47BDD7D4B}.Debug|Any CPU.ActiveCfg = Debug|Any CPU
		{C9E39263-D90D-430F-839F-C7A47BDD7D4B}.Debug|Any CPU.Build.0 = Debug|Any CPU
		{C9E39263-D90D-430F-839F-C7A47BDD7D4B}.Release|Any CPU.ActiveCfg = Release|Any CPU
		{C9E39263-D90D-430F-839F-C7A47BDD7D4B}.Release|Any CPU.Build.0 = Release|Any CPU
	EndGlobalSection
	GlobalSection(SolutionProperties) = preSolution
		HideSolutionNode = FALSE
	EndGlobalSection
	GlobalSection(ExtensibilityGlobals) = postSolution
		SolutionGuid = {E4458178-B0D4-4189-9CD5-BC071B729602}
	EndGlobalSection
EndGlobal
