
Microsoft Visual Studio Solution File, Format Version 12.00
# Visual Studio Version 17
VisualStudioVersion = 17.5.33516.290
MinimumVisualStudioVersion = 10.0.40219.1
Project("{FAE04EC0-301F-11D3-BF4B-00C04F79EFBC}") = "wp07_mahApp", "wp07_mahApp\wp07_mahApp.csproj", "{3D286A4F-A35C-475B-9EB9-833715D6A79B}"
EndProject
Project("{FAE04EC0-301F-11D3-BF4B-00C04F79EFBC}") = "wp08_personalinfoApp", "wp08_personalinfoApp\wp08_personalinfoApp.csproj", "{6D124ECE-B8DE-4A3C-9D8B-D606350633D9}"
EndProject
Global
	GlobalSection(SolutionConfigurationPlatforms) = preSolution
		Debug|Any CPU = Debug|Any CPU
		Release|Any CPU = Release|Any CPU
	EndGlobalSection
	GlobalSection(ProjectConfigurationPlatforms) = postSolution
		{3D286A4F-A35C-475B-9EB9-833715D6A79B}.Debug|Any CPU.ActiveCfg = Debug|Any CPU
		{3D286A4F-A35C-475B-9EB9-833715D6A79B}.Debug|Any CPU.Build.0 = Debug|Any CPU
		{3D286A4F-A35C-475B-9EB9-833715D6A79B}.Release|Any CPU.ActiveCfg = Release|Any CPU
		{3D286A4F-A35C-475B-9EB9-833715D6A79B}.Release|Any CPU.Build.0 = Release|Any CPU
		{6D124ECE-B8DE-4A3C-9D8B-D606350633D9}.Debug|Any CPU.ActiveCfg = Debug|Any CPU
		{6D124ECE-B8DE-4A3C-9D8B-D606350633D9}.Debug|Any CPU.Build.0 = Debug|Any CPU
		{6D124ECE-B8DE-4A3C-9D8B-D606350633D9}.Release|Any CPU.ActiveCfg = Release|Any CPU
		{6D124ECE-B8DE-4A3C-9D8B-D606350633D9}.Release|Any CPU.Build.0 = Release|Any CPU
	EndGlobalSection
	GlobalSection(SolutionProperties) = preSolution
		HideSolutionNode = FALSE
	EndGlobalSection
	GlobalSection(ExtensibilityGlobals) = postSolution
		SolutionGuid = {C6A065FA-35B0-435A-869F-924706170246}
	EndGlobalSection
EndGlobal
